
Microsoft Visual Studio Solution File, Format Version 12.00
# Visual Studio 15
VisualStudioVersion = 15.0.28307.106
MinimumVisualStudioVersion = 10.0.40219.1
Project("{FAE04EC0-301F-11D3-BF4B-00C04F79EFBC}") = "LeagueOfLegends ClipBoard", "LeagueOfLegends ClipBoard\LeagueOfLegends ClipBoard.csproj", "{4F155302-B140-48FB-967C-E2AF75B1F32E}"
EndProject
Global
	GlobalSection(SolutionConfigurationPlatforms) = preSolution
		Debug|Any CPU = Debug|Any CPU
		Release|Any CPU = Release|Any CPU
	EndGlobalSection
	GlobalSection(ProjectConfigurationPlatforms) = postSolution
		{4F155302-B140-48FB-967C-E2AF75B1F32E}.Debug|Any CPU.ActiveCfg = Debug|Any CPU
		{4F155302-B140-48FB-967C-E2AF75B1F32E}.Debug|Any CPU.Build.0 = Debug|Any CPU
		{4F155302-B140-48FB-967C-E2AF75B1F32E}.Release|Any CPU.ActiveCfg = Release|Any CPU
		{4F155302-B140-48FB-967C-E2AF75B1F32E}.Release|Any CPU.Build.0 = Release|Any CPU
	EndGlobalSection
	GlobalSection(SolutionProperties) = preSolution
		HideSolutionNode = FALSE
	EndGlobalSection
	GlobalSection(ExtensibilityGlobals) = postSolution
		SolutionGuid = {73797DE6-EB39-40A7-9F83-9DE9F9C7F1D4}
	EndGlobalSection
EndGlobal
